lockfileVersion: '9.0'

settings:
  autoInstallPeers: true
  excludeLinksFromLockfile: false

importers:

  .:
    dependencies:
      libsodium-wrappers-sumo:
        specifier: ^0.7.13
        version: 0.7.16
    devDependencies:
      '@types/libsodium-wrappers-sumo':
        specifier: ^0.7.8
        version: 0.7.8
      '@types/node':
        specifier: ^20.11.0
        version: 20.19.41
      typescript:
        specifier: ^5.4.0
        version: 5.9.3

packages:

  '@types/libsodium-wrappers-sumo@0.7.8':
    resolution: {integrity: sha512-N2+df4MB/A+W0RAcTw7A5oxKgzD+Vh6Ye7lfjWIi5SdTzVLfHPzxUjhwPqHLO5Ev9fv/+VHl+sUaUuTg4fUPqw==}

  '@types/libsodium-wrappers@0.8.2':
    resolution: {integrity: sha512-+2IDfSULPUskSjIYfZl9suIUsIE5PXwoKZiE/j0MZWd+M9nEGvJDsk/ztMZKNhL1lBL+1CaypW0dQSjqPW2dMg==}
    deprecated: This is a stub types definition. libsodium-wrappers provides its own type definitions, so you do not need this installed.

  '@types/node@20.19.41':
    resolution: {integrity: sha512-ECymXOukMnOoVkC2bb1Vc/w/836DXncOg5m8Xj1RH7xSHZJWNYY6Zh7EH477vcnD5egKNNfy2RpNOmuChhFPgQ==}

  libsodium-sumo@0.7.16:
    resolution: {integrity: sha512-x6atrz2AdXCJg6G709x9W9TTJRI6/0NcL5dD0l5GGVqNE48UJmDsjO4RUWYTeyXXUpg+NXZ2SHECaZnFRYzwGA==}

  libsodium-wrappers-sumo@0.7.16:
    resolution: {integrity: sha512-gR0JEFPeN3831lB9+ogooQk0KH4K5LSMIO5Prd5Q5XYR2wHFtZfPg0eP7t1oJIWq+UIzlU4WVeBxZ97mt28tXw==}

  libsodium-wrappers@0.8.4:
    resolution: {integrity: sha512-mu8aAWucZjTB5O/BtGXtW4e1agy7uHxNYG7zPthmmD1jU43LCDmSWZLN4JhflbdPXj3yDO4lxM1O9hLDgIOXDw==}

  libsodium@0.8.4:
    resolution: {integrity: sha512-lMcYaRi0zcs7tarATsQUYC7rstliIXZuoq0c6zXSgNtSNtdvBgkSegjWhpMJAXzKX3SUSwIp7+zEsob+j3LuRw==}

  typescript@5.9.3:
    resolution: {integrity: sha512-jl1vZzPDinLr9eUt3J/t7V6FgNEw9QjvBPdysz9KfQDD41fQrC2Y4vKQdiaUpFT4bXlb1RHhLpp8wtm6M5TgSw==}
    engines: {node: '>=14.17'}
    hasBin: true

  undici-types@6.21.0:
    resolution: {integrity: sha512-iwDZqg0QAGrg9Rav5H4n0M64c3mkR59cJ6wQp+7C4nI0gsmExaedaYLNO44eT4AtBBwjbTiGPMlt2Md0T9H9JQ==}

snapshots:

  '@types/libsodium-wrappers-sumo@0.7.8':
    dependencies:
      '@types/libsodium-wrappers': 0.8.2

  '@types/libsodium-wrappers@0.8.2':
    dependencies:
      libsodium-wrappers: 0.8.4

  '@types/node@20.19.41':
    dependencies:
      undici-types: 6.21.0

  libsodium-sumo@0.7.16: {}

  libsodium-wrappers-sumo@0.7.16:
    dependencies:
      libsodium-sumo: 0.7.16

  libsodium-wrappers@0.8.4:
    dependencies:
      libsodium: 0.8.4

  libsodium@0.8.4: {}

  typescript@5.9.3: {}

  undici-types@6.21.0: {}
